PODS:
  - FreshchatSDK (1.3.0)

DEPENDENCIES:
  - FreshchatSDK (from `https://github.com/freshdesk/freshchat-ios`, branch `canary`)

EXTERNAL SOURCES:
  FreshchatSDK:
    :branch: canary
    :git: https://github.com/freshdesk/freshchat-ios

CHECKOUT OPTIONS:
  FreshchatSDK:
    :commit: 58bf292b81572aebe2d23466cda3bd4773867a1d
    :git: https://github.com/freshdesk/freshchat-ios

SPEC CHECKSUMS:
  FreshchatSDK: 3a93e5b37acfb9029f0dcdd28475e1f1688a2a77

PODFILE CHECKSUM: 745d9d8834af66dd6aa27a7e9bd1a729ebd37499

COCOAPODS: 1.2.1
